{
  "nodes": {
    "nixpkgs": {
      "locked": {
        "lastModified": 1772927210,
        "narHash": "sha256-FdRDRoV0jRTiPK5ID22BaUX5P0wdsclpxtIOjaEy9Lo=",
        "owner": "NixOS",
        "repo": "nixpkgs",
        "rev": "0e6cdd5be64608ef630c2e41f8d51d484468492f",
        "type": "github"
      },
      "original": {
        "owner": "NixOS",
        "ref": "nixpkgs-unstable",
        "repo": "nixpkgs",
        "type": "github"
      }
    },
    "root": {
      "inputs": {
        "nixpkgs": "nixpkgs"
      }
    }
  },
  "root": "root",
  "version": 7
}
